
Microsoft Visual Studio Solution File, Format Version 12.00
# Visual Studio Version 17
VisualStudioVersion = 17.8.34330.188
MinimumVisualStudioVersion = 10.0.40219.1
Project("{FAE04EC0-301F-11D3-BF4B-00C04F79EFBC}") = "Manufacrure_DE_gogolev", "Manufacrure_DE_gogolev\Manufacrure_DE_gogolev.csproj", "{B9108032-3D0E-4585-B687-AEC5983E1A2E}"
EndProject
Global
	GlobalSection(SolutionConfigurationPlatforms) = preSolution
		Debug|Any CPU = Debug|Any CPU
		Release|Any CPU = Release|Any CPU
	EndGlobalSection
	GlobalSection(ProjectConfigurationPlatforms) = postSolution
		{B9108032-3D0E-4585-B687-AEC5983E1A2E}.Debug|Any CPU.ActiveCfg = Debug|Any CPU
		{B9108032-3D0E-4585-B687-AEC5983E1A2E}.Debug|Any CPU.Build.0 = Debug|Any CPU
		{B9108032-3D0E-4585-B687-AEC5983E1A2E}.Release|Any CPU.ActiveCfg = Release|Any CPU
		{B9108032-3D0E-4585-B687-AEC5983E1A2E}.Release|Any CPU.Build.0 = Release|Any CPU
	EndGlobalSection
	GlobalSection(SolutionProperties) = preSolution
		HideSolutionNode = FALSE
	EndGlobalSection
	GlobalSection(ExtensibilityGlobals) = postSolution
		SolutionGuid = {9631DCD6-CA9F-4315-B35F-533D0EF1A202}
	EndGlobalSection
EndGlobal
